
Microsoft Visual Studio Solution File, Format Version 12.00
# Visual Studio Version 17
VisualStudioVersion = 17.11.35312.102
MinimumVisualStudioVersion = 10.0.40219.1
Project("{FAE04EC0-301F-11D3-BF4B-00C04F79EFBC}") = "HighRiskLists.API", "HighRiskLists.API\HighRiskLists.API.csproj", "{139280E1-E6E3-4FEC-A2B2-DD68A96F0BEA}"
EndProject
Project("{FAE04EC0-301F-11D3-BF4B-00C04F79EFBC}") = "HighRiskLists.Core", "HighRiskLists.Core\HighRiskLists.Core.csproj", "{C4B848DF-8AFC-40E9-B618-BA607B1B0150}"
EndProject
Project("{FAE04EC0-301F-11D3-BF4B-00C04F79EFBC}") = "HighRiskLists.Infrastructure", "HighRiskLists.Infrastructure\HighRiskLists.Infrastructure.csproj", "{9DD4A5CC-FEA8-422B-943E-313E814F727E}"
EndProject
Global
	GlobalSection(SolutionConfigurationPlatforms) = preSolution
		Debug|Any CPU = Debug|Any CPU
		Release|Any CPU = Release|Any CPU
	EndGlobalSection
	GlobalSection(ProjectConfigurationPlatforms) = postSolution
		{139280E1-E6E3-4FEC-A2B2-DD68A96F0BEA}.Debug|Any CPU.ActiveCfg = Debug|Any CPU
		{139280E1-E6E3-4FEC-A2B2-DD68A96F0BEA}.Debug|Any CPU.Build.0 = Debug|Any CPU
		{139280E1-E6E3-4FEC-A2B2-DD68A96F0BEA}.Release|Any CPU.ActiveCfg = Release|Any CPU
		{139280E1-E6E3-4FEC-A2B2-DD68A96F0BEA}.Release|Any CPU.Build.0 = Release|Any CPU
		{C4B848DF-8AFC-40E9-B618-BA607B1B0150}.Debug|Any CPU.ActiveCfg = Debug|Any CPU
		{C4B848DF-8AFC-40E9-B618-BA607B1B0150}.Debug|Any CPU.Build.0 = Debug|Any CPU
		{C4B848DF-8AFC-40E9-B618-BA607B1B0150}.Release|Any CPU.ActiveCfg = Release|Any CPU
		{C4B848DF-8AFC-40E9-B618-BA607B1B0150}.Release|Any CPU.Build.0 = Release|Any CPU
		{9DD4A5CC-FEA8-422B-943E-313E814F727E}.Debug|Any CPU.ActiveCfg = Debug|Any CPU
		{9DD4A5CC-FEA8-422B-943E-313E814F727E}.Debug|Any CPU.Build.0 = Debug|Any CPU
		{9DD4A5CC-FEA8-422B-943E-313E814F727E}.Release|Any CPU.ActiveCfg = Release|Any CPU
		{9DD4A5CC-FEA8-422B-943E-313E814F727E}.Release|Any CPU.Build.0 = Release|Any CPU
	EndGlobalSection
	GlobalSection(SolutionProperties) = preSolution
		HideSolutionNode = FALSE
	EndGlobalSection
	GlobalSection(ExtensibilityGlobals) = postSolution
		SolutionGuid = {982D0EB1-98D1-457E-91FB-1F21AE132275}
	EndGlobalSection
EndGlobal
